Microsoft Visual Studio Solution File, Format Version 12.00
# Visual Studio Version 17
VisualStudioVersion = 17.0.31903.59
MinimumVisualStudioVersion = 10.0.40219.1
Project("{FAE04EC0-301F-11D3-BF4B-00C04F79EFBC}") = "BiddingManagementSystem.API", "BiddingManagementSystem.API\BiddingManagementSystem.API.csproj", "{1B9A2981-0A1D-4C10-AFF3-7B5E5BAFF536}"
EndProject
Project("{FAE04EC0-301F-11D3-BF4B-00C04F79EFBC}") = "BiddingManagementSystem.Application", "BiddingManagementSystem.Application\BiddingManagementSystem.Application.csproj", "{C3D9A136-7811-4A71-864A-B2EC0ACA2008}"
EndProject
Project("{FAE04EC0-301F-11D3-BF4B-00C04F79EFBC}") = "BiddingManagementSystem.Domain", "BiddingManagementSystem.Domain\BiddingManagementSystem.Domain.csproj", "{B5E7A1A1-F0F7-4D70-B026-7C98C38B41D8}"
EndProject
Project("{FAE04EC0-301F-11D3-BF4B-00C04F79EFBC}") = "BiddingManagementSystem.Infrastructure", "BiddingManagementSystem.Infrastructure\BiddingManagementSystem.Infrastructure.csproj", "{D6A62A70-8E8E-48FD-A339-A65624F6D9ED}"
EndProject
Project("{FAE04EC0-301F-11D3-BF4B-00C04F79EFBC}") = "BiddingManagementSystem", "BiddingManagementSystem\BiddingManagementSystem.csproj", "{8CC63D5F-4BE3-4CCD-A7D7-71A04A1D39CE}"
EndProject
Global
	GlobalSection(SolutionConfigurationPlatforms) = preSolution
		Debug|Any CPU = Debug|Any CPU
		Release|Any CPU = Release|Any CPU
	EndGlobalSection
	GlobalSection(SolutionProperties) = preSolution
		HideSolutionNode = FALSE
	EndGlobalSection
	GlobalSection(ProjectConfigurationPlatforms) = postSolution
		{1B9A2981-0A1D-4C10-AFF3-7B5E5BAFF536}.Debug|Any CPU.ActiveCfg = Debug|Any CPU
		{1B9A2981-0A1D-4C10-AFF3-7B5E5BAFF536}.Debug|Any CPU.Build.0 = Debug|Any CPU
		{1B9A2981-0A1D-4C10-AFF3-7B5E5BAFF536}.Release|Any CPU.ActiveCfg = Release|Any CPU
		{1B9A2981-0A1D-4C10-AFF3-7B5E5BAFF536}.Release|Any CPU.Build.0 = Release|Any CPU
		{C3D9A136-7811-4A71-864A-B2EC0ACA2008}.Debug|Any CPU.ActiveCfg = Debug|Any CPU
		{C3D9A136-7811-4A71-864A-B2EC0ACA2008}.Debug|Any CPU.Build.0 = Debug|Any CPU
		{C3D9A136-7811-4A71-864A-B2EC0ACA2008}.Release|Any CPU.ActiveCfg = Release|Any CPU
		{C3D9A136-7811-4A71-864A-B2EC0ACA2008}.Release|Any CPU.Build.0 = Release|Any CPU
		{B5E7A1A1-F0F7-4D70-B026-7C98C38B41D8}.Debug|Any CPU.ActiveCfg = Debug|Any CPU
		{B5E7A1A1-F0F7-4D70-B026-7C98C38B41D8}.Debug|Any CPU.Build.0 = Debug|Any CPU
		{B5E7A1A1-F0F7-4D70-B026-7C98C38B41D8}.Release|Any CPU.ActiveCfg = Release|Any CPU
		{B5E7A1A1-F0F7-4D70-B026-7C98C38B41D8}.Release|Any CPU.Build.0 = Release|Any CPU
		{D6A62A70-8E8E-48FD-A339-A65624F6D9ED}.Debug|Any CPU.ActiveCfg = Debug|Any CPU
		{D6A62A70-8E8E-48FD-A339-A65624F6D9ED}.Debug|Any CPU.Build.0 = Debug|Any CPU
		{D6A62A70-8E8E-48FD-A339-A65624F6D9ED}.Release|Any CPU.ActiveCfg = Release|Any CPU
		{D6A62A70-8E8E-48FD-A339-A65624F6D9ED}.Release|Any CPU.Build.0 = Release|Any CPU
		{8CC63D5F-4BE3-4CCD-A7D7-71A04A1D39CE}.Debug|Any CPU.ActiveCfg = Debug|Any CPU
		{8CC63D5F-4BE3-4CCD-A7D7-71A04A1D39CE}.Debug|Any CPU.Build.0 = Debug|Any CPU
		{8CC63D5F-4BE3-4CCD-A7D7-71A04A1D39CE}.Release|Any CPU.ActiveCfg = Release|Any CPU
		{8CC63D5F-4BE3-4CCD-A7D7-71A04A1D39CE}.Release|Any CPU.Build.0 = Release|Any CPU
	EndGlobalSection
EndGlobal
